{
    "name": "@ptolemy2002/ts-utils",
    "version": "4.0.0",
    "lockfileVersion": 3,
    "requires": true,
    "packages": {
        "": {
            "name": "@ptolemy2002/ts-utils",
            "version": "4.0.0",
            "dependencies": {
                "@ptolemy2002/ts-brand-utils": "^1.0.0",
                "@ptolemy2002/zod-utils": "^1.7.0",
                "is-callable": "^1.2.7"
            },
            "devDependencies": {
                "@types/is-callable": "~1.1.2",
                "zod": "^4.3.6"
            },
            "peerDependencies": {
                "zod": "^4.3.6"
            }
        },
        "node_modules/@ptolemy2002/ts-brand-utils": {
            "version": "1.0.0",
            "resolved": "https://registry.npmjs.org/@ptolemy2002/ts-brand-utils/-/ts-brand-utils-1.0.0.tgz",
            "integrity": "sha512-E8u3dXr2UG0FYifa4RvM3EU1lD/Zvq57ziZN+8Mn/duMOIY6WRwICq8YNrYoOHamR5QDNnLcersNtN5IiAwrNA==",
            "hasInstallScript": true
        },
        "node_modules/@ptolemy2002/zod-utils": {
            "version": "1.7.0",
            "resolved": "https://registry.npmjs.org/@ptolemy2002/zod-utils/-/zod-utils-1.7.0.tgz",
            "integrity": "sha512-xeFgFmrWFJrEV8T417VsPRPdlk4kuvnMgoZqjNRHV1CosoNtExXwgA/XVJAE11f7EMc/N8xYNLedYmeuywj0Bg==",
            "hasInstallScript": true,
            "dependencies": {
                "is-callable": "^1.2.7"
            },
            "peerDependencies": {
                "zod": "^4.3.6"
            }
        },
        "node_modules/@types/is-callable": {
            "version": "1.1.2",
            "resolved": "https://registry.npmjs.org/@types/is-callable/-/is-callable-1.1.2.tgz",
            "integrity": "sha512-8gmJZFpJFWJFDXJRXqlsh/EenGorN4TrmiIBZ86PYxDlwA8t5iA8Ug/zknAHm+YNrmHmh3Bpiambkqmdx3UzAw==",
            "dev": true,
            "license": "MIT"
        },
        "node_modules/is-callable": {
            "version": "1.2.7",
            "resolved": "https://registry.npmjs.org/is-callable/-/is-callable-1.2.7.tgz",
            "integrity": "sha512-1BC0BVFhS/p0qtw6enp8e+8OD0UrK0oFLztSjNzhcKA3WDuJxxAPXzPuPtKkjEY9UUoEWlX/8fgKeu2S8i9JTA==",
            "license": "MIT",
            "engines": {
                "node": ">= 0.4"
            },
            "funding": {
                "url": "https://github.com/sponsors/ljharb"
            }
        },
        "node_modules/zod": {
            "version": "4.3.6",
            "resolved": "https://registry.npmjs.org/zod/-/zod-4.3.6.tgz",
            "integrity": "sha512-rftlrkhHZOcjDwkGlnUtZZkvaPHCsDATp4pGpuOOMDaTdDDXF91wuVDJoWoPsKX/3YPQ5fHuF3STjcYyKr+Qhg==",
            "license": "MIT",
            "funding": {
                "url": "https://github.com/sponsors/colinhacks"
            }
        }
    }
}
